Microsoft Visual Studio Solution File, Format Version 12.00
# Visual Studio Version 17
VisualStudioVersion = 17.5.2.0
MinimumVisualStudioVersion = 10.0.40219.1
Project("{FAE04EC0-301F-11D3-BF4B-00C04F79EFBC}") = "myroomii_phase3", "Phase3\myroomii_phase3.csproj", "{1631BAA8-7A73-A69A-A150-0B91FBE7FA72}"
EndProject
Global
	GlobalSection(SolutionConfigurationPlatforms) = preSolution
		Debug|Any CPU = Debug|Any CPU
		Release|Any CPU = Release|Any CPU
	EndGlobalSection
	GlobalSection(ProjectConfigurationPlatforms) = postSolution
		{1631BAA8-7A73-A69A-A150-0B91FBE7FA72}.Debug|Any CPU.ActiveCfg = Debug|Any CPU
		{1631BAA8-7A73-A69A-A150-0B91FBE7FA72}.Debug|Any CPU.Build.0 = Debug|Any CPU
		{1631BAA8-7A73-A69A-A150-0B91FBE7FA72}.Release|Any CPU.ActiveCfg = Release|Any CPU
		{1631BAA8-7A73-A69A-A150-0B91FBE7FA72}.Release|Any CPU.Build.0 = Release|Any CPU
	EndGlobalSection
	GlobalSection(SolutionProperties) = preSolution
		HideSolutionNode = FALSE
	EndGlobalSection
	GlobalSection(ExtensibilityGlobals) = postSolution
		SolutionGuid = {860DB3B8-28C6-4617-AED7-7F98EFAD26AC}
	EndGlobalSection
EndGlobal
